
Microsoft Visual Studio Solution File, Format Version 12.00
# Visual Studio Version 17
VisualStudioVersion = 17.9.34723.18
MinimumVisualStudioVersion = 10.0.40219.1
Project("{FAE04EC0-301F-11D3-BF4B-00C04F79EFBC}") = "TopUpService.API", "TopUpService.API\TopUpService.API.csproj", "{C106D65B-ACB1-497E-9005-EB85016EF41B}"
EndProject
Project("{FAE04EC0-301F-11D3-BF4B-00C04F79EFBC}") = "TopUpService.API.Test", "TopUpService.API.Test\TopUpService.API.Test.csproj", "{2DA21052-6500-4374-9BAA-A06974AB29F1}"
EndProject
Project("{FAE04EC0-301F-11D3-BF4B-00C04F79EFBC}") = "TopUpService.Common", "TopUpService.Common\TopUpService.Common.csproj", "{8218DE1F-1D98-458C-AAB5-F1B83A074E5B}"
EndProject
Project("{FAE04EC0-301F-11D3-BF4B-00C04F79EFBC}") = "TopUpService.Infrastructure", "TopUpService.Infrastructure\TopUpService.Infrastructure.csproj", "{20D3D785-FE69-479A-A6D5-467A421423D3}"
EndProject
Global
	GlobalSection(SolutionConfigurationPlatforms) = preSolution
		Debug|Any CPU = Debug|Any CPU
		Release|Any CPU = Release|Any CPU
	EndGlobalSection
	GlobalSection(ProjectConfigurationPlatforms) = postSolution
		{C106D65B-ACB1-497E-9005-EB85016EF41B}.Debug|Any CPU.ActiveCfg = Debug|Any CPU
		{C106D65B-ACB1-497E-9005-EB85016EF41B}.Debug|Any CPU.Build.0 = Debug|Any CPU
		{C106D65B-ACB1-497E-9005-EB85016EF41B}.Release|Any CPU.ActiveCfg = Release|Any CPU
		{C106D65B-ACB1-497E-9005-EB85016EF41B}.Release|Any CPU.Build.0 = Release|Any CPU
		{2DA21052-6500-4374-9BAA-A06974AB29F1}.Debug|Any CPU.ActiveCfg = Debug|Any CPU
		{2DA21052-6500-4374-9BAA-A06974AB29F1}.Debug|Any CPU.Build.0 = Debug|Any CPU
		{2DA21052-6500-4374-9BAA-A06974AB29F1}.Release|Any CPU.ActiveCfg = Release|Any CPU
		{2DA21052-6500-4374-9BAA-A06974AB29F1}.Release|Any CPU.Build.0 = Release|Any CPU
		{8218DE1F-1D98-458C-AAB5-F1B83A074E5B}.Debug|Any CPU.ActiveCfg = Debug|Any CPU
		{8218DE1F-1D98-458C-AAB5-F1B83A074E5B}.Debug|Any CPU.Build.0 = Debug|Any CPU
		{8218DE1F-1D98-458C-AAB5-F1B83A074E5B}.Release|Any CPU.ActiveCfg = Release|Any CPU
		{8218DE1F-1D98-458C-AAB5-F1B83A074E5B}.Release|Any CPU.Build.0 = Release|Any CPU
		{20D3D785-FE69-479A-A6D5-467A421423D3}.Debug|Any CPU.ActiveCfg = Debug|Any CPU
		{20D3D785-FE69-479A-A6D5-467A421423D3}.Debug|Any CPU.Build.0 = Debug|Any CPU
		{20D3D785-FE69-479A-A6D5-467A421423D3}.Release|Any CPU.ActiveCfg = Release|Any CPU
		{20D3D785-FE69-479A-A6D5-467A421423D3}.Release|Any CPU.Build.0 = Release|Any CPU
	EndGlobalSection
	GlobalSection(SolutionProperties) = preSolution
		HideSolutionNode = FALSE
	EndGlobalSection
	GlobalSection(ExtensibilityGlobals) = postSolution
		SolutionGuid = {02DAD4CD-B92E-4938-8B3B-D7A0838C817A}
	EndGlobalSection
EndGlobal
